
Microsoft Visual Studio Solution File, Format Version 12.00
# Visual Studio Version 17
VisualStudioVersion = 17.8.34525.116
MinimumVisualStudioVersion = 10.0.40219.1
Project("{FAE04EC0-301F-11D3-BF4B-00C04F79EFBC}") = "Lab1", "Lab1\Lab1.csproj", "{5DCC83FE-BF88-47C1-B58D-28D26E9A01FD}"
EndProject
Global
	GlobalSection(SolutionConfigurationPlatforms) = preSolution
		Debug|Any CPU = Debug|Any CPU
		Release|Any CPU = Release|Any CPU
	EndGlobalSection
	GlobalSection(ProjectConfigurationPlatforms) = postSolution
		{5DCC83FE-BF88-47C1-B58D-28D26E9A01FD}.Debug|Any CPU.ActiveCfg = Debug|Any CPU
		{5DCC83FE-BF88-47C1-B58D-28D26E9A01FD}.Debug|Any CPU.Build.0 = Debug|Any CPU
		{5DCC83FE-BF88-47C1-B58D-28D26E9A01FD}.Release|Any CPU.ActiveCfg = Release|Any CPU
		{5DCC83FE-BF88-47C1-B58D-28D26E9A01FD}.Release|Any CPU.Build.0 = Release|Any CPU
	EndGlobalSection
	GlobalSection(SolutionProperties) = preSolution
		HideSolutionNode = FALSE
	EndGlobalSection
	GlobalSection(ExtensibilityGlobals) = postSolution
		SolutionGuid = {0137A8FD-84C5-4CFC-AD6F-8C236D4A1430}
	EndGlobalSection
EndGlobal
